
Microsoft Visual Studio Solution File, Format Version 12.00
# Visual Studio Express 2013 for Web
VisualStudioVersion = 12.0.30626.0
MinimumVisualStudioVersion = 10.0.40219.1
Project("{FAE04EC0-301F-11D3-BF4B-00C04F79EFBC}") = "YouTubeTv", "YouTubeTv\YouTubeTv.csproj", "{A8378F4D-3CB1-480A-918D-99B0B92DF42F}"
EndProject
Project("{FAE04EC0-301F-11D3-BF4B-00C04F79EFBC}") = "YouTubeTvtest", "YouTubeTvtest\YouTubeTvtest.csproj", "{3AFF11AA-E122-4119-86F4-7FDF048760FE}"
EndProject
Global
	GlobalSection(SolutionConfigurationPlatforms) = preSolution
		Debug|Any CPU = Debug|Any CPU
		Release|Any CPU = Release|Any CPU
	EndGlobalSection
	GlobalSection(ProjectConfigurationPlatforms) = postSolution
		{A8378F4D-3CB1-480A-918D-99B0B92DF42F}.Debug|Any CPU.ActiveCfg = Debug|Any CPU
		{A8378F4D-3CB1-480A-918D-99B0B92DF42F}.Debug|Any CPU.Build.0 = Debug|Any CPU
		{A8378F4D-3CB1-480A-918D-99B0B92DF42F}.Release|Any CPU.ActiveCfg = Release|Any CPU
		{A8378F4D-3CB1-480A-918D-99B0B92DF42F}.Release|Any CPU.Build.0 = Release|Any CPU
		{3AFF11AA-E122-4119-86F4-7FDF048760FE}.Debug|Any CPU.ActiveCfg = Debug|Any CPU
		{3AFF11AA-E122-4119-86F4-7FDF048760FE}.Debug|Any CPU.Build.0 = Debug|Any CPU
		{3AFF11AA-E122-4119-86F4-7FDF048760FE}.Release|Any CPU.ActiveCfg = Release|Any CPU
		{3AFF11AA-E122-4119-86F4-7FDF048760FE}.Release|Any CPU.Build.0 = Release|Any CPU
	EndGlobalSection
	GlobalSection(SolutionProperties) = preSolution
		HideSolutionNode = FALSE
	EndGlobalSection
EndGlobal
